
Microsoft Visual Studio Solution File, Format Version 12.00
# Visual Studio Version 17
VisualStudioVersion = 17.7.34018.315
MinimumVisualStudioVersion = 10.0.40219.1
Project("{FAE04EC0-301F-11D3-BF4B-00C04F79EFBC}") = "prj_DesafioPodcast", "prj_DesafioPodcast\prj_DesafioPodcast.csproj", "{27D09BEA-486F-43A7-AB6D-CAA7F08907BA}"
EndProject
Global
	GlobalSection(SolutionConfigurationPlatforms) = preSolution
		Debug|Any CPU = Debug|Any CPU
		Release|Any CPU = Release|Any CPU
	EndGlobalSection
	GlobalSection(ProjectConfigurationPlatforms) = postSolution
		{27D09BEA-486F-43A7-AB6D-CAA7F08907BA}.Debug|Any CPU.ActiveCfg = Debug|Any CPU
		{27D09BEA-486F-43A7-AB6D-CAA7F08907BA}.Debug|Any CPU.Build.0 = Debug|Any CPU
		{27D09BEA-486F-43A7-AB6D-CAA7F08907BA}.Release|Any CPU.ActiveCfg = Release|Any CPU
		{27D09BEA-486F-43A7-AB6D-CAA7F08907BA}.Release|Any CPU.Build.0 = Release|Any CPU
	EndGlobalSection
	GlobalSection(SolutionProperties) = preSolution
		HideSolutionNode = FALSE
	EndGlobalSection
	GlobalSection(ExtensibilityGlobals) = postSolution
		SolutionGuid = {ABDF5F11-246B-40C0-8A9A-8BBA0A80F00A}
	EndGlobalSection
EndGlobal
