
Microsoft Visual Studio Solution File, Format Version 12.00
# Visual Studio Version 17
VisualStudioVersion = 17.9.34714.143
MinimumVisualStudioVersion = 10.0.40219.1
Project("{9A19103F-16F7-4668-BE54-9A1E7A4F7556}") = "ExercícioMaiorIdade", "ExercícioMaiorIdade.csproj", "{5E7E9E33-3C44-41F6-86B3-E0F18471BC63}"
EndProject
Global
	GlobalSection(SolutionConfigurationPlatforms) = preSolution
		Debug|Any CPU = Debug|Any CPU
		Release|Any CPU = Release|Any CPU
	EndGlobalSection
	GlobalSection(ProjectConfigurationPlatforms) = postSolution
		{5E7E9E33-3C44-41F6-86B3-E0F18471BC63}.Debug|Any CPU.ActiveCfg = Debug|Any CPU
		{5E7E9E33-3C44-41F6-86B3-E0F18471BC63}.Debug|Any CPU.Build.0 = Debug|Any CPU
		{5E7E9E33-3C44-41F6-86B3-E0F18471BC63}.Release|Any CPU.ActiveCfg = Release|Any CPU
		{5E7E9E33-3C44-41F6-86B3-E0F18471BC63}.Release|Any CPU.Build.0 = Release|Any CPU
	EndGlobalSection
	GlobalSection(SolutionProperties) = preSolution
		HideSolutionNode = FALSE
	EndGlobalSection
	GlobalSection(ExtensibilityGlobals) = postSolution
		SolutionGuid = {D89CF2C5-35EF-4219-AA27-C8EAB345CEDF}
	EndGlobalSection
EndGlobal
