
Microsoft Visual Studio Solution File, Format Version 12.00
# Visual Studio Version 17
VisualStudioVersion = 17.9.34714.143
MinimumVisualStudioVersion = 10.0.40219.1
Project("{FAE04EC0-301F-11D3-BF4B-00C04F79EFBC}") = "ExercícioDictionary", "ExercícioDictionary.csproj", "{38288FA0-F6BF-4EA9-8F53-02D0AD5717B3}"
EndProject
Global
	GlobalSection(SolutionConfigurationPlatforms) = preSolution
		Debug|Any CPU = Debug|Any CPU
		Release|Any CPU = Release|Any CPU
	EndGlobalSection
	GlobalSection(ProjectConfigurationPlatforms) = postSolution
		{38288FA0-F6BF-4EA9-8F53-02D0AD5717B3}.Debug|Any CPU.ActiveCfg = Debug|Any CPU
		{38288FA0-F6BF-4EA9-8F53-02D0AD5717B3}.Debug|Any CPU.Build.0 = Debug|Any CPU
		{38288FA0-F6BF-4EA9-8F53-02D0AD5717B3}.Release|Any CPU.ActiveCfg = Release|Any CPU
		{38288FA0-F6BF-4EA9-8F53-02D0AD5717B3}.Release|Any CPU.Build.0 = Release|Any CPU
	EndGlobalSection
	GlobalSection(SolutionProperties) = preSolution
		HideSolutionNode = FALSE
	EndGlobalSection
	GlobalSection(ExtensibilityGlobals) = postSolution
		SolutionGuid = {7BE9AD2D-9758-4C3D-89D4-C09345A6CAA1}
	EndGlobalSection
EndGlobal
