
Microsoft Visual Studio Solution File, Format Version 12.00
# Visual Studio Version 17
VisualStudioVersion = 17.9.34714.143
MinimumVisualStudioVersion = 10.0.40219.1
Project("{FAE04EC0-301F-11D3-BF4B-00C04F79EFBC}") = "Encapsulamento", "Encapsulamento.csproj", "{483129F1-FC99-4E13-BF40-715699A50417}"
EndProject
Global
	GlobalSection(SolutionConfigurationPlatforms) = preSolution
		Debug|Any CPU = Debug|Any CPU
		Release|Any CPU = Release|Any CPU
	EndGlobalSection
	GlobalSection(ProjectConfigurationPlatforms) = postSolution
		{483129F1-FC99-4E13-BF40-715699A50417}.Debug|Any CPU.ActiveCfg = Debug|Any CPU
		{483129F1-FC99-4E13-BF40-715699A50417}.Debug|Any CPU.Build.0 = Debug|Any CPU
		{483129F1-FC99-4E13-BF40-715699A50417}.Release|Any CPU.ActiveCfg = Release|Any CPU
		{483129F1-FC99-4E13-BF40-715699A50417}.Release|Any CPU.Build.0 = Release|Any CPU
	EndGlobalSection
	GlobalSection(SolutionProperties) = preSolution
		HideSolutionNode = FALSE
	EndGlobalSection
	GlobalSection(ExtensibilityGlobals) = postSolution
		SolutionGuid = {BD0D2860-4997-4F20-BBEF-0D1991414E18}
	EndGlobalSection
EndGlobal
